<?xml version="1.0" encoding="utf-8"?>
<Project ToolsVersion="15.0" xmlns="http://schemas.microsoft.com/developer/msbuild/2003">
  <ItemGroup>
    <Filter Include="ThirdParty">
      <UniqueIdentifier>{6336bf83-58f7-47c8-84de-ac73fe590559}</UniqueIdentifier>
    </Filter>
    <Filter Include="Audio">
      <UniqueIdentifier>{b62e73b5-99e9-46ff-8bd5-8a633acb1d9f}</UniqueIdentifier>
    </Filter>
    <Filter Include="Graphic">
      <UniqueIdentifier>{2693d9ce-4372-4cf5-8c3b-c08fab180c47}</UniqueIdentifier>
    </Filter>
    <Filter Include="Input">
      <UniqueIdentifier>{db4b5f1f-b253-477b-8074-152fcbf5666b}</UniqueIdentifier>
    </Filter>
    <Filter Include="Network">
      <UniqueIdentifier>{3bb23534-5f9b-48c2-9e9b-2879c4609cf0}</UniqueIdentifier>
    </Filter>
    <Filter Include="System">
      <UniqueIdentifier>{daddafd0-6f72-4700-b124-a79f9606f36f}</UniqueIdentifier>
    </Filter>
    <Filter Include="Utilities">
      <UniqueIdentifier>{c310d0db-5ab1-4fd8-888e-cc7170966636}</UniqueIdentifier>
    </Filter>
    <Filter Include="Input\Devices">
      <UniqueIdentifier>{fa48bf3b-7d0c-42a5-9559-8bab18f43f00}</UniqueIdentifier>
    </Filter>
    <Filter Include="GameFramework">
      <UniqueIdentifier>{cef460cf-6c93-4e01-b94d-85e52b7b89bd}</UniqueIdentifier>
    </Filter>
    <Filter Include="Input\VirtualController">
      <UniqueIdentifier>{4546879f-9bd1-4149-93c9-918b5f4199a6}</UniqueIdentifier>
    </Filter>
    <Filter Include="Graphic\2D">
      <UniqueIdentifier>{9ec3a7ec-84f9-4df9-84ed-5d42fef52bb4}</UniqueIdentifier>
    </Filter>
    <Filter Include="Graphic\3D">
      <UniqueIdentifier>{54942a83-63aa-4b7f-99a2-e5a48988e357}</UniqueIdentifier>
    </Filter>
    <Filter Include="Graphic\Device">
      <UniqueIdentifier>{e77831f7-7673-4d09-81a4-fb9da18cf6cf}</UniqueIdentifier>
    </Filter>
    <Filter Include="Graphic\2D\Components">
      <UniqueIdentifier>{a840e174-1640-4407-8a3f-3f040c3dd9a2}</UniqueIdentifier>
    </Filter>
    <Filter Include="Graphic\3D\Components">
      <UniqueIdentifier>{8d9e6dee-4d54-4b78-bf32-7193e156968c}</UniqueIdentifier>
    </Filter>
    <Filter Include="Graphic\3D\Renderer">
      <UniqueIdentifier>{31af39b5-b62d-4c1b-80a3-9b8acf7d87f8}</UniqueIdentifier>
    </Filter>
    <Filter Include="Graphic\3D\Default">
      <UniqueIdentifier>{a1638e32-9b46-481b-8fb8-390bf0a549c0}</UniqueIdentifier>
    </Filter>
    <Filter Include="Graphic\3D\Default\Shader">
      <UniqueIdentifier>{bc11bf76-dec5-44a2-b355-eed8dc6c46c6}</UniqueIdentifier>
    </Filter>
    <Filter Include="Graphic\3D\Default\Shader\Shared">
      <UniqueIdentifier>{dc5cdbd7-a142-46a0-95cf-abe242906866}</UniqueIdentifier>
    </Filter>
    <Filter Include="Graphic\3D\Default\Shader\Compiled">
      <UniqueIdentifier>{c3b27fe3-7c20-40e0-824a-8bbf4ca24999}</UniqueIdentifier>
    </Filter>
    <Filter Include="ThirdParty\ImGUI">
      <UniqueIdentifier>{762e4be5-b164-42a2-9a76-dabc93afe977}</UniqueIdentifier>
    </Filter>
    <Filter Include="ThirdParty\AssImp">
      <UniqueIdentifier>{4cba72dc-4e29-4f56-a6af-8b860a7f97e3}</UniqueIdentifier>
    </Filter>
  </ItemGroup>
  <ItemGroup>
    <ClCompile Include="ThirdParty\FontFileLoader.cpp">
      <Filter>ThirdParty</Filter>
    </ClCompile>
    <ClCompile Include="ThirdParty\MediaReader.cpp">
      <Filter>ThirdParty</Filter>
    </ClCompile>
    <ClCompile Include="ThirdParty\WICTextureLoader.cpp">
      <Filter>ThirdParty</Filter>
    </ClCompile>
    <ClCompile Include="Source\AudioEngine.cpp">
      <Filter>Audio</Filter>
    </ClCompile>
    <ClCompile Include="Source\AudioSource.cpp">
      <Filter>Audio</Filter>
    </ClCompile>
    <ClCompile Include="Source\Input.cpp">
      <Filter>Input</Filter>
    </ClCompile>
    <ClCompile Include="Source\InputOrientationSensor.cpp">
      <Filter>Input\Devices</Filter>
    </ClCompile>
    <ClCompile Include="Source\InputPen.cpp">
      <Filter>Input\Devices</Filter>
    </ClCompile>
    <ClCompile Include="Source\InputTouch.cpp">
      <Filter>Input\Devices</Filter>
    </ClCompile>
    <ClCompile Include="Source\Framecounter.cpp">
      <Filter>Utilities</Filter>
    </ClCompile>
    <ClCompile Include="Source\ContentManager.cpp">
      <Filter>System</Filter>
    </ClCompile>
    <ClCompile Include="Source\Storage.cpp">
      <Filter>System</Filter>
    </ClCompile>
    <ClCompile Include="Source\SystemManager.cpp">
      <Filter>System</Filter>
    </ClCompile>
    <ClCompile Include="Source\GameScene.cpp">
      <Filter>GameFramework</Filter>
    </ClCompile>
    <ClCompile Include="Source\GameTimer.cpp">
      <Filter>GameFramework</Filter>
    </ClCompile>
    <ClCompile Include="Source\VirtualController.cpp">
      <Filter>Input\VirtualController</Filter>
    </ClCompile>
    <ClCompile Include="Source\SpriteBatch.cpp">
      <Filter>Graphic\2D</Filter>
    </ClCompile>
    <ClCompile Include="Source\DeviceDX11.cpp">
      <Filter>Graphic\Device</Filter>
    </ClCompile>
    <ClCompile Include="Source\InputGamepad.cpp">
      <Filter>Input\Devices</Filter>
    </ClCompile>
    <ClCompile Include="Source\InputHardwarebackbutton.cpp">
      <Filter>Input\Devices</Filter>
    </ClCompile>
    <ClCompile Include="Source\InputKeyboard.cpp">
      <Filter>Input\Devices</Filter>
    </ClCompile>
    <ClCompile Include="Source\InputMouse.cpp">
      <Filter>Input\Devices</Filter>
    </ClCompile>
    <ClCompile Include="Source\SystemInformation.cpp">
      <Filter>System</Filter>
    </ClCompile>
    <ClCompile Include="Source\AnimatedSprite.cpp">
      <Filter>Graphic\2D\Components</Filter>
    </ClCompile>
    <ClCompile Include="Source\Font.cpp">
      <Filter>Graphic\2D\Components</Filter>
    </ClCompile>
    <ClCompile Include="Source\Geometry.cpp">
      <Filter>Graphic\2D\Components</Filter>
    </ClCompile>
    <ClCompile Include="Source\Sprite.cpp">
      <Filter>Graphic\2D\Components</Filter>
    </ClCompile>
    <ClCompile Include="Source\Text.cpp">
      <Filter>Graphic\2D\Components</Filter>
    </ClCompile>
    <ClCompile Include="Source\Buffer.cpp">
      <Filter>Graphic\3D\Components</Filter>
    </ClCompile>
    <ClCompile Include="Source\Camera.cpp">
      <Filter>Graphic\3D\Components</Filter>
    </ClCompile>
    <ClCompile Include="Source\Material.cpp">
      <Filter>Graphic\3D\Components</Filter>
    </ClCompile>
    <ClCompile Include="Source\Mesh.cpp">
      <Filter>Graphic\3D\Components</Filter>
    </ClCompile>
    <ClCompile Include="Source\Texture.cpp">
      <Filter>Graphic\3D\Components</Filter>
    </ClCompile>
    <ClCompile Include="Source\Shader.cpp">
      <Filter>Graphic\3D\Components</Filter>
    </ClCompile>
    <ClCompile Include="Source\DeferredRenderer.cpp">
      <Filter>Graphic\3D\Renderer</Filter>
    </ClCompile>
    <ClCompile Include="Source\ForwardRenderer.cpp">
      <Filter>Graphic\3D\Renderer</Filter>
    </ClCompile>
    <ClCompile Include="Source\DefaultFactory.cpp">
      <Filter>Graphic\3D\Default</Filter>
    </ClCompile>
    <ClCompile Include="pch.cpp" />
    <ClCompile Include="ThirdParty\ImGUI\imgui.cpp">
      <Filter>ThirdParty\ImGUI</Filter>
    </ClCompile>
    <ClCompile Include="ThirdParty\ImGUI\imgui_demo.cpp">
      <Filter>ThirdParty\ImGUI</Filter>
    </ClCompile>
    <ClCompile Include="ThirdParty\ImGUI\imgui_draw.cpp">
      <Filter>ThirdParty\ImGUI</Filter>
    </ClCompile>
    <ClCompile Include="Source\Bitmap.cpp">
      <Filter>Graphic\2D\Components</Filter>
    </ClCompile>
    <ClCompile Include="Source\Image.cpp">
      <Filter>Graphic\2D\Components</Filter>
    </ClCompile>
  </ItemGroup>
  <ItemGroup>
    <ClInclude Include="pch.h" />
    <ClInclude Include="ThirdParty\FontFileLoader.h">
      <Filter>ThirdParty</Filter>
    </ClInclude>
    <ClInclude Include="ThirdParty\MediaReader.h">
      <Filter>ThirdParty</Filter>
    </ClInclude>
    <ClInclude Include="ThirdParty\WICTextureLoader.h">
      <Filter>ThirdParty</Filter>
    </ClInclude>
    <ClInclude Include="Include\Audio.h">
      <Filter>Audio</Filter>
    </ClInclude>
    <ClInclude Include="Include\targetver.h" />
    <ClInclude Include="Include\Input.h">
      <Filter>Input</Filter>
    </ClInclude>
    <ClInclude Include="Include\Network.h">
      <Filter>Network</Filter>
    </ClInclude>
    <ClInclude Include="Include\Utilities.h">
      <Filter>Utilities</Filter>
    </ClInclude>
    <ClInclude Include="Include\DXWrapper.h">
      <Filter>Utilities</Filter>
    </ClInclude>
    <ClInclude Include="Include\ContentManager.h">
      <Filter>System</Filter>
    </ClInclude>
    <ClInclude Include="Include\Storage.h">
      <Filter>System</Filter>
    </ClInclude>
    <ClInclude Include="Include\SystemManager.h">
      <Filter>System</Filter>
    </ClInclude>
    <ClInclude Include="Include\Gameframework.h">
      <Filter>GameFramework</Filter>
    </ClInclude>
    <ClInclude Include="Include\GameScene.h">
      <Filter>GameFramework</Filter>
    </ClInclude>
    <ClInclude Include="Include\GameTimer.h">
      <Filter>GameFramework</Filter>
    </ClInclude>
    <ClInclude Include="Include\IGameObject.h">
      <Filter>GameFramework</Filter>
    </ClInclude>
    <ClInclude Include="Include\Framecounter.h">
      <Filter>Utilities</Filter>
    </ClInclude>
    <ClInclude Include="Include\VirtualController.h">
      <Filter>Input\VirtualController</Filter>
    </ClInclude>
    <ClInclude Include="Include\SpriteBatch.h">
      <Filter>Graphic\2D</Filter>
    </ClInclude>
    <ClInclude Include="Include\DeviceDX11.h">
      <Filter>Graphic\Device</Filter>
    </ClInclude>
    <ClInclude Include="Include\SystemInformation.h">
      <Filter>System</Filter>
    </ClInclude>
    <ClInclude Include="Include\2DComponents.h">
      <Filter>Graphic\2D\Components</Filter>
    </ClInclude>
    <ClInclude Include="Include\3DComponents.h">
      <Filter>Graphic\3D\Components</Filter>
    </ClInclude>
    <ClInclude Include="Include\VertexTypes.h">
      <Filter>Graphic\3D\Components</Filter>
    </ClInclude>
    <ClInclude Include="Include\DeferredRenderer.h">
      <Filter>Graphic\3D\Renderer</Filter>
    </ClInclude>
    <ClInclude Include="Include\ForwardRenderer.h">
      <Filter>Graphic\3D\Renderer</Filter>
    </ClInclude>
    <ClInclude Include="Include\IRenderer.h">
      <Filter>Graphic\3D\Renderer</Filter>
    </ClInclude>
    <ClInclude Include="Include\RenderCommand.h">
      <Filter>Graphic\3D\Renderer</Filter>
    </ClInclude>
    <ClInclude Include="Include\DefaultFactory.h">
      <Filter>Graphic\3D\Default</Filter>
    </ClInclude>
    <ClInclude Include="Include\Materials.h">
      <Filter>Graphic\3D\Components</Filter>
    </ClInclude>
    <ClInclude Include="ThirdParty\ImGUI\imconfig.h">
      <Filter>ThirdParty\ImGUI</Filter>
    </ClInclude>
    <ClInclude Include="ThirdParty\ImGUI\imgui.h">
      <Filter>ThirdParty\ImGUI</Filter>
    </ClInclude>
    <ClInclude Include="ThirdParty\ImGUI\imgui_internal.h">
      <Filter>ThirdParty\ImGUI</Filter>
    </ClInclude>
    <ClInclude Include="ThirdParty\ImGUI\stb_rect_pack.h">
      <Filter>ThirdParty\ImGUI</Filter>
    </ClInclude>
    <ClInclude Include="ThirdParty\ImGUI\stb_textedit.h">
      <Filter>ThirdParty\ImGUI</Filter>
    </ClInclude>
    <ClInclude Include="ThirdParty\ImGUI\stb_truetype.h">
      <Filter>ThirdParty\ImGUI</Filter>
    </ClInclude>
    <ClInclude Include="Include\AudioComponents.h">
      <Filter>Audio</Filter>
    </ClInclude>
    <ClInclude Include="Include\Numerics.h">
      <Filter>Utilities</Filter>
    </ClInclude>
  </ItemGroup>
  <ItemGroup>
    <None Include="Source\Shader\Shared\Common.hlsli">
      <Filter>Graphic\3D\Default\Shader\Shared</Filter>
    </None>
    <None Include="Source\Shader\Shared\Lighting.hlsli">
      <Filter>Graphic\3D\Default\Shader\Shared</Filter>
    </None>
    <None Include="Source\Shader\Shared\Structures.hlsli">
      <Filter>Graphic\3D\Default\Shader\Shared</Filter>
    </None>
    <None Include="Source\Shader\Shared\Parameters.hlsli">
      <Filter>Graphic\3D\Default\Shader\Shared</Filter>
    </None>
    <None Include="Source\Shader\Compiled\PS_Basic.inc">
      <Filter>Graphic\3D\Default\Shader\Compiled</Filter>
    </None>
    <None Include="Source\Shader\Compiled\VS_Basic.inc">
      <Filter>Graphic\3D\Default\Shader\Compiled</Filter>
    </None>
  </ItemGroup>
  <ItemGroup>
    <FxCompile Include="Source\Shader\PS_Basic.hlsl">
      <Filter>Graphic\3D\Default\Shader</Filter>
    </FxCompile>
    <FxCompile Include="Source\Shader\VS_Basic.hlsl">
      <Filter>Graphic\3D\Default\Shader</Filter>
    </FxCompile>
  </ItemGroup>
</Project>