<?xml version="1.0" encoding="utf-8"?>
<Project ToolsVersion="14.0" xmlns="http://schemas.microsoft.com/developer/msbuild/2003">
  <ItemGroup>
    <Filter Include="Gameframework">
      <UniqueIdentifier>{2ee71d06-8ea9-4e3e-8f8f-4a3ec54e8399}</UniqueIdentifier>
    </Filter>
    <Filter Include="Network">
      <UniqueIdentifier>{234208f8-16f1-4327-9216-7afc8affbb3a}</UniqueIdentifier>
    </Filter>
    <Filter Include="Utilities">
      <UniqueIdentifier>{fa63aa09-fe4b-4124-b5e6-ea32bb24ad68}</UniqueIdentifier>
    </Filter>
    <Filter Include="Graphic">
      <UniqueIdentifier>{ee31e0d2-2310-4a08-8465-bf7091e98d5b}</UniqueIdentifier>
    </Filter>
    <Filter Include="Input">
      <UniqueIdentifier>{7df59a08-69c5-4b9d-9873-77e5a4d545f3}</UniqueIdentifier>
    </Filter>
    <Filter Include="Audio">
      <UniqueIdentifier>{a561ff74-1a8c-4b87-8135-9aa419b07916}</UniqueIdentifier>
    </Filter>
    <Filter Include="ThirdParty">
      <UniqueIdentifier>{54c07c67-df96-4745-9383-150521bd703f}</UniqueIdentifier>
    </Filter>
    <Filter Include="System">
      <UniqueIdentifier>{a723c662-cd30-455a-a227-10b1c5019051}</UniqueIdentifier>
    </Filter>
    <Filter Include="Graphic\2D">
      <UniqueIdentifier>{b83e8894-fdb1-4000-8ba7-6f95b5982df6}</UniqueIdentifier>
    </Filter>
    <Filter Include="Graphic\3D">
      <UniqueIdentifier>{567b5736-1f98-4875-a161-e9d174c22f67}</UniqueIdentifier>
    </Filter>
    <Filter Include="Graphic\2D\Componnents">
      <UniqueIdentifier>{7ae58020-865f-4a61-b6df-3fe5d379b6fd}</UniqueIdentifier>
    </Filter>
    <Filter Include="Graphic\3D\Componnents">
      <UniqueIdentifier>{995a61a9-b827-4899-8dc3-376e01ccc124}</UniqueIdentifier>
    </Filter>
    <Filter Include="Graphic\3D\Renderer">
      <UniqueIdentifier>{0152f90f-3ec3-4063-83e0-e6929adddbae}</UniqueIdentifier>
    </Filter>
    <Filter Include="Input\Devices">
      <UniqueIdentifier>{a348908b-7ce2-43f2-8399-f1bb57acdc20}</UniqueIdentifier>
    </Filter>
  </ItemGroup>
  <ItemGroup>
    <ClCompile Include="DefaultFactory.cpp">
      <Filter>Graphic</Filter>
    </ClCompile>
    <ClCompile Include="AudioEngine.cpp">
      <Filter>Audio</Filter>
    </ClCompile>
    <ClCompile Include="AudioSource.cpp">
      <Filter>Audio</Filter>
    </ClCompile>
    <ClCompile Include="Framecounter.cpp">
      <Filter>Gameframework</Filter>
    </ClCompile>
    <ClCompile Include="GameScene.cpp">
      <Filter>Gameframework</Filter>
    </ClCompile>
    <ClCompile Include="GameTimer.cpp">
      <Filter>Gameframework</Filter>
    </ClCompile>
    <ClCompile Include="Input.cpp">
      <Filter>Input</Filter>
    </ClCompile>
    <ClCompile Include="MediaReader.cpp">
      <Filter>ThirdParty</Filter>
    </ClCompile>
    <ClCompile Include="FontFileLoader.cpp">
      <Filter>ThirdParty</Filter>
    </ClCompile>
    <ClCompile Include="WICTextureLoader.cpp">
      <Filter>ThirdParty</Filter>
    </ClCompile>
    <ClCompile Include="SystemManager.cpp">
      <Filter>System</Filter>
    </ClCompile>
    <ClCompile Include="Storage.cpp">
      <Filter>System</Filter>
    </ClCompile>
    <ClCompile Include="Utilities.cpp">
      <Filter>Utilities</Filter>
    </ClCompile>
    <ClCompile Include="pch.cpp">
      <Filter>System</Filter>
    </ClCompile>
    <ClCompile Include="DXWrapper.cpp">
      <Filter>Utilities</Filter>
    </ClCompile>
    <ClCompile Include="SpriteBatch.cpp">
      <Filter>Graphic\2D</Filter>
    </ClCompile>
    <ClCompile Include="DeviceDX11.cpp">
      <Filter>Graphic\3D</Filter>
    </ClCompile>
    <ClCompile Include="Text.cpp">
      <Filter>Graphic\2D\Componnents</Filter>
    </ClCompile>
    <ClCompile Include="Sprite.cpp">
      <Filter>Graphic\2D\Componnents</Filter>
    </ClCompile>
    <ClCompile Include="Font.cpp">
      <Filter>Graphic\2D\Componnents</Filter>
    </ClCompile>
    <ClCompile Include="AnimatedSprite.cpp">
      <Filter>Graphic\2D\Componnents</Filter>
    </ClCompile>
    <ClCompile Include="Buffer.cpp">
      <Filter>Graphic\3D\Componnents</Filter>
    </ClCompile>
    <ClCompile Include="Camera.cpp">
      <Filter>Graphic\3D\Componnents</Filter>
    </ClCompile>
    <ClCompile Include="Mesh.cpp">
      <Filter>Graphic\3D\Componnents</Filter>
    </ClCompile>
    <ClCompile Include="Shader.cpp">
      <Filter>Graphic\3D\Componnents</Filter>
    </ClCompile>
    <ClCompile Include="Texture.cpp">
      <Filter>Graphic\3D\Componnents</Filter>
    </ClCompile>
    <ClCompile Include="Material.cpp">
      <Filter>Graphic\3D\Componnents</Filter>
    </ClCompile>
    <ClCompile Include="DeferredRenderer.cpp">
      <Filter>Graphic\3D\Renderer</Filter>
    </ClCompile>
    <ClCompile Include="ForwardRenderer.cpp">
      <Filter>Graphic\3D\Renderer</Filter>
    </ClCompile>
    <ClCompile Include="Inputgamepad.cpp">
      <Filter>Input\Devices</Filter>
    </ClCompile>
    <ClCompile Include="Inputhardwarebackbutton.cpp">
      <Filter>Input\Devices</Filter>
    </ClCompile>
    <ClCompile Include="Inputkeyboard.cpp">
      <Filter>Input\Devices</Filter>
    </ClCompile>
    <ClCompile Include="Inputmouse.cpp">
      <Filter>Input\Devices</Filter>
    </ClCompile>
    <ClCompile Include="InputOrientationSensor.cpp">
      <Filter>Input\Devices</Filter>
    </ClCompile>
    <ClCompile Include="InputPen.cpp">
      <Filter>Input\Devices</Filter>
    </ClCompile>
    <ClCompile Include="InputTouch.cpp">
      <Filter>Input\Devices</Filter>
    </ClCompile>
    <ClCompile Include="Geometry.cpp">
      <Filter>Graphic\2D\Componnents</Filter>
    </ClCompile>
    <ClCompile Include="ContentManager.cpp">
      <Filter>System</Filter>
    </ClCompile>
  </ItemGroup>
  <ItemGroup>
    <ClInclude Include="WOtech.h" />
    <ClInclude Include="DefaultFactory.h">
      <Filter>Graphic</Filter>
    </ClInclude>
    <ClInclude Include="Audio.h">
      <Filter>Audio</Filter>
    </ClInclude>
    <ClInclude Include="Framecounter.h">
      <Filter>Gameframework</Filter>
    </ClInclude>
    <ClInclude Include="Gameframework.h">
      <Filter>Gameframework</Filter>
    </ClInclude>
    <ClInclude Include="GameObject.h">
      <Filter>Gameframework</Filter>
    </ClInclude>
    <ClInclude Include="GameScene.h">
      <Filter>Gameframework</Filter>
    </ClInclude>
    <ClInclude Include="GameTimer.h">
      <Filter>Gameframework</Filter>
    </ClInclude>
    <ClInclude Include="Graphic.h">
      <Filter>Graphic</Filter>
    </ClInclude>
    <ClInclude Include="Input.h">
      <Filter>Input</Filter>
    </ClInclude>
    <ClInclude Include="MediaReader.h">
      <Filter>ThirdParty</Filter>
    </ClInclude>
    <ClInclude Include="FontFileLoader.h">
      <Filter>ThirdParty</Filter>
    </ClInclude>
    <ClInclude Include="WICTextureLoader.h">
      <Filter>ThirdParty</Filter>
    </ClInclude>
    <ClInclude Include="SystemManager.h">
      <Filter>System</Filter>
    </ClInclude>
    <ClInclude Include="Storage.h">
      <Filter>System</Filter>
    </ClInclude>
    <ClInclude Include="Network.h">
      <Filter>Network</Filter>
    </ClInclude>
    <ClInclude Include="Utilities.h">
      <Filter>Utilities</Filter>
    </ClInclude>
    <ClInclude Include="targetver.h">
      <Filter>System</Filter>
    </ClInclude>
    <ClInclude Include="pch.h">
      <Filter>System</Filter>
    </ClInclude>
    <ClInclude Include="DXWrapper.h">
      <Filter>Utilities</Filter>
    </ClInclude>
    <ClInclude Include="SpriteBatch.h">
      <Filter>Graphic\2D</Filter>
    </ClInclude>
    <ClInclude Include="DeviceDX11.h">
      <Filter>Graphic\3D</Filter>
    </ClInclude>
    <ClInclude Include="2DComponents.h">
      <Filter>Graphic\2D\Componnents</Filter>
    </ClInclude>
    <ClInclude Include="3DComponents.h">
      <Filter>Graphic\3D\Componnents</Filter>
    </ClInclude>
    <ClInclude Include="DeferredRenderer.h">
      <Filter>Graphic\3D\Renderer</Filter>
    </ClInclude>
    <ClInclude Include="ForwardRenderer.h">
      <Filter>Graphic\3D\Renderer</Filter>
    </ClInclude>
    <ClInclude Include="Renderer.h">
      <Filter>Graphic\3D\Renderer</Filter>
    </ClInclude>
    <ClInclude Include="ContentManager.h">
      <Filter>System</Filter>
    </ClInclude>
  </ItemGroup>
</Project>